
Microsoft Visual Studio Solution File, Format Version 12.00
# Visual Studio Version 17
VisualStudioVersion = 17.10.35122.118
MinimumVisualStudioVersion = 10.0.40219.1
Project("{FAE04EC0-301F-11D3-BF4B-00C04F79EFBC}") = "CustomerPortal", "CustomerPortal\CustomerPortal.csproj", "{22F19260-BB59-4C35-8ED8-DD2F3A293078}"
EndProject
Project("{FAE04EC0-301F-11D3-BF4B-00C04F79EFBC}") = "CustomersApi", "CustomersApi\CustomersApi.csproj", "{30B1796E-8295-4E88-8C9C-F141C0884387}"
EndProject
Global
	GlobalSection(SolutionConfigurationPlatforms) = preSolution
		Debug|Any CPU = Debug|Any CPU
		Release|Any CPU = Release|Any CPU
	EndGlobalSection
	GlobalSection(ProjectConfigurationPlatforms) = postSolution
		{22F19260-BB59-4C35-8ED8-DD2F3A293078}.Debug|Any CPU.ActiveCfg = Debug|Any CPU
		{22F19260-BB59-4C35-8ED8-DD2F3A293078}.Debug|Any CPU.Build.0 = Debug|Any CPU
		{22F19260-BB59-4C35-8ED8-DD2F3A293078}.Release|Any CPU.ActiveCfg = Release|Any CPU
		{22F19260-BB59-4C35-8ED8-DD2F3A293078}.Release|Any CPU.Build.0 = Release|Any CPU
		{30B1796E-8295-4E88-8C9C-F141C0884387}.Debug|Any CPU.ActiveCfg = Debug|Any CPU
		{30B1796E-8295-4E88-8C9C-F141C0884387}.Debug|Any CPU.Build.0 = Debug|Any CPU
		{30B1796E-8295-4E88-8C9C-F141C0884387}.Release|Any CPU.ActiveCfg = Release|Any CPU
		{30B1796E-8295-4E88-8C9C-F141C0884387}.Release|Any CPU.Build.0 = Release|Any CPU
	EndGlobalSection
	GlobalSection(SolutionProperties) = preSolution
		HideSolutionNode = FALSE
	EndGlobalSection
	GlobalSection(ExtensibilityGlobals) = postSolution
		SolutionGuid = {6090D560-61C5-422B-808E-CEAFDD68B911}
	EndGlobalSection
EndGlobal
